
Microsoft Visual Studio Solution File, Format Version 12.00
# Visual Studio Version 16
VisualStudioVersion = 16.0.34601.136
MinimumVisualStudioVersion = 10.0.40219.1
Project("{8BC9CEB8-8B4A-11D0-8D11-00A0C91BC942}") = "DrawingTriangle", "DrawingTriangle\DrawingTriangle.vcxproj", "{ED5992F8-8814-4038-8D5C-C740BA0E053B}"
EndProject
Global
	GlobalSection(SolutionConfigurationPlatforms) = preSolution
		Debug|x64 = Debug|x64
		Debug|x86 = Debug|x86
		Release|x64 = Release|x64
		Release|x86 = Release|x86
	EndGlobalSection
	GlobalSection(ProjectConfigurationPlatforms) = postSolution
		{ED5992F8-8814-4038-8D5C-C740BA0E053B}.Debug|x64.ActiveCfg = Debug|x64
		{ED5992F8-8814-4038-8D5C-C740BA0E053B}.Debug|x64.Build.0 = Debug|x64
		{ED5992F8-8814-4038-8D5C-C740BA0E053B}.Debug|x86.ActiveCfg = Debug|Win32
		{ED5992F8-8814-4038-8D5C-C740BA0E053B}.Debug|x86.Build.0 = Debug|Win32
		{ED5992F8-8814-4038-8D5C-C740BA0E053B}.Release|x64.ActiveCfg = Release|x64
		{ED5992F8-8814-4038-8D5C-C740BA0E053B}.Release|x64.Build.0 = Release|x64
		{ED5992F8-8814-4038-8D5C-C740BA0E053B}.Release|x86.ActiveCfg = Release|Win32
		{ED5992F8-8814-4038-8D5C-C740BA0E053B}.Release|x86.Build.0 = Release|Win32
	EndGlobalSection
	GlobalSection(SolutionProperties) = preSolution
		HideSolutionNode = FALSE
	EndGlobalSection
	GlobalSection(ExtensibilityGlobals) = postSolution
		SolutionGuid = {73D68E86-8C50-44C4-B149-E1D5DC04843E}
	EndGlobalSection
EndGlobal
